{
  "originHash" : "fb9ac36071f364d419c527ac181073d029907ab8c2d0a2cf5e1dbf2b4a353436",
  "pins" : [
    {
      "identity" : "generative-ai-swift",
      "kind" : "remoteSourceControl",
      "location" : "https://github.com/google/generative-ai-swift",
      "state" : {
        "revision" : "54784005b57c2235a7669e0c12e8dafa68f0ca5f",
        "version" : "0.5.4"
      }
    }
  ],
  "version" : 3
}
