{
  "originHash" : "62edf0e925f09f1016972d9759bfc2fd82622cf2eb3879cc22c8ad496ef2798f",
  "pins" : [
    {
      "identity" : "generative-ai-swift",
      "kind" : "remoteSourceControl",
      "location" : "https://github.com/rin-senpai/generative-ai-swift",
      "state" : {
        "revision" : "9a5df1bb2c97950de383fc5835d5a8b446ae925b"
      }
    }
  ],
  "version" : 3
}
